
Microsoft Visual Studio Solution File, Format Version 12.00
# Visual Studio Version 17
VisualStudioVersion = 17.8.34322.80
MinimumVisualStudioVersion = 10.0.40219.1
Project("{FAE04EC0-301F-11D3-BF4B-00C04F79EFBC}") = "BisleriumBlog.Domain", "BisleriumBlog.Domain\BisleriumBlog.Domain.csproj", "{859F5276-3E9F-4992-B34E-5748537BA6B3}"
EndProject
Global
	GlobalSection(SolutionConfigurationPlatforms) = preSolution
		Debug|Any CPU = Debug|Any CPU
		Release|Any CPU = Release|Any CPU
	EndGlobalSection
	GlobalSection(ProjectConfigurationPlatforms) = postSolution
		{859F5276-3E9F-4992-B34E-5748537BA6B3}.Debug|Any CPU.ActiveCfg = Debug|Any CPU
		{859F5276-3E9F-4992-B34E-5748537BA6B3}.Debug|Any CPU.Build.0 = Debug|Any CPU
		{859F5276-3E9F-4992-B34E-5748537BA6B3}.Release|Any CPU.ActiveCfg = Release|Any CPU
		{859F5276-3E9F-4992-B34E-5748537BA6B3}.Release|Any CPU.Build.0 = Release|Any CPU
	EndGlobalSection
	GlobalSection(SolutionProperties) = preSolution
		HideSolutionNode = FALSE
	EndGlobalSection
	GlobalSection(ExtensibilityGlobals) = postSolution
		SolutionGuid = {B6F12E8A-6010-4ADA-87DF-2E0420C3C66C}
	EndGlobalSection
EndGlobal
